
Microsoft Visual Studio Solution File, Format Version 12.00
# Visual Studio Version 16
VisualStudioVersion = 25.0.1705.2
MinimumVisualStudioVersion = 10.0.40219.1
Project("{FAE04EC0-301F-11D3-BF4B-00C04F79EFBC}") = "consoleTestProject", "consoleTestProject\consoleTestProject.csproj", "{5AAE6159-8F76-4E4F-B1E5-65EBE463C0F1}"
EndProject
Global
	GlobalSection(SolutionConfigurationPlatforms) = preSolution
		Debug|Any CPU = Debug|Any CPU
		Release|Any CPU = Release|Any CPU
	EndGlobalSection
	GlobalSection(ProjectConfigurationPlatforms) = postSolution
		{5AAE6159-8F76-4E4F-B1E5-65EBE463C0F1}.Debug|Any CPU.ActiveCfg = Debug|Any CPU
		{5AAE6159-8F76-4E4F-B1E5-65EBE463C0F1}.Debug|Any CPU.Build.0 = Debug|Any CPU
		{5AAE6159-8F76-4E4F-B1E5-65EBE463C0F1}.Release|Any CPU.ActiveCfg = Release|Any CPU
		{5AAE6159-8F76-4E4F-B1E5-65EBE463C0F1}.Release|Any CPU.Build.0 = Release|Any CPU
	EndGlobalSection
	GlobalSection(SolutionProperties) = preSolution
		HideSolutionNode = FALSE
	EndGlobalSection
	GlobalSection(ExtensibilityGlobals) = postSolution
		SolutionGuid = {8B8F1C00-17D5-4022-84FB-66524AFFF4F2}
	EndGlobalSection
EndGlobal
